
Microsoft Visual Studio Solution File, Format Version 12.00
# Visual Studio Version 17
VisualStudioVersion = 17.8.34004.107
MinimumVisualStudioVersion = 10.0.40219.1
Project("{9A19103F-16F7-4668-BE54-9A1E7A4F7556}") = "FactorioModManagerReal", "FactorioModManagerReal.csproj", "{3AFFD48A-000A-4AE0-AD2A-F5D55A725B24}"
EndProject
Project("{FAE04EC0-301F-11D3-BF4B-00C04F79EFBC}") = "TestFactorioModManager", "..\TestFactorioModManager\TestFactorioModManager.csproj", "{E3C7E7BE-F78E-41F2-9AB8-C8C6F8001B69}"
EndProject
Global
	GlobalSection(SolutionConfigurationPlatforms) = preSolution
		Debug|Any CPU = Debug|Any CPU
		Release|Any CPU = Release|Any CPU
	EndGlobalSection
	GlobalSection(ProjectConfigurationPlatforms) = postSolution
		{3AFFD48A-000A-4AE0-AD2A-F5D55A725B24}.Debug|Any CPU.ActiveCfg = Debug|Any CPU
		{3AFFD48A-000A-4AE0-AD2A-F5D55A725B24}.Debug|Any CPU.Build.0 = Debug|Any CPU
		{3AFFD48A-000A-4AE0-AD2A-F5D55A725B24}.Release|Any CPU.ActiveCfg = Release|Any CPU
		{3AFFD48A-000A-4AE0-AD2A-F5D55A725B24}.Release|Any CPU.Build.0 = Release|Any CPU
		{E3C7E7BE-F78E-41F2-9AB8-C8C6F8001B69}.Debug|Any CPU.ActiveCfg = Debug|Any CPU
		{E3C7E7BE-F78E-41F2-9AB8-C8C6F8001B69}.Debug|Any CPU.Build.0 = Debug|Any CPU
		{E3C7E7BE-F78E-41F2-9AB8-C8C6F8001B69}.Release|Any CPU.ActiveCfg = Release|Any CPU
		{E3C7E7BE-F78E-41F2-9AB8-C8C6F8001B69}.Release|Any CPU.Build.0 = Release|Any CPU
	EndGlobalSection
	GlobalSection(SolutionProperties) = preSolution
		HideSolutionNode = FALSE
	EndGlobalSection
	GlobalSection(ExtensibilityGlobals) = postSolution
		SolutionGuid = {F43CD3F8-9C2C-4D80-AA25-3815AA9852EB}
	EndGlobalSection
EndGlobal
